# This file is automatically @generated by Cargo.
# It is not intended for manual editing.
version = 3

[[package]]
name = "gn-shield-cli"
version = "0.1.0"
dependencies = [
 "gn-shield-config",
]

[[package]]
name = "gn-shield-config"
version = "0.1.0"

[[package]]
name = "gn-shield-core"
version = "0.1.0"
dependencies = [
 "gn-shield-config",
 "gn-shield-rules",
 "gn-shield-sensors-common",
 "gn-shield-storage",
]

[[package]]
name = "gn-shield-dns"
version = "0.1.0"

[[package]]
name = "gn-shield-native-host"
version = "0.1.0"

[[package]]
name = "gn-shield-rules"
version = "0.1.0"

[[package]]
name = "gn-shield-sensors-common"
version = "0.1.0"

[[package]]
name = "gn-shield-sensors-linux"
version = "0.1.0"
dependencies = [
 "gn-shield-sensors-common",
]

[[package]]
name = "gn-shield-sensors-macos"
version = "0.1.0"
dependencies = [
 "gn-shield-sensors-common",
]

[[package]]
name = "gn-shield-sensors-windows"
version = "0.1.0"
dependencies = [
 "gn-shield-sensors-common",
]

[[package]]
name = "gn-shield-storage"
version = "0.1.0"
